
Microsoft Visual Studio Solution File, Format Version 12.00
# Visual Studio Version 16
VisualStudioVersion = 16.0.30804.86
MinimumVisualStudioVersion = 10.0.40219.1
Project("{FAE04EC0-301F-11D3-BF4B-00C04F79EFBC}") = "ProblemaDeCollatz", "ProblemaDeCollatz.csproj", "{65B40F02-EB01-4BE1-876C-D291057DF184}"
EndProject
Global
	GlobalSection(SolutionConfigurationPlatforms) = preSolution
		Debug|Any CPU = Debug|Any CPU
		Release|Any CPU = Release|Any CPU
	EndGlobalSection
	GlobalSection(ProjectConfigurationPlatforms) = postSolution
		{65B40F02-EB01-4BE1-876C-D291057DF184}.Debug|Any CPU.ActiveCfg = Debug|Any CPU
		{65B40F02-EB01-4BE1-876C-D291057DF184}.Debug|Any CPU.Build.0 = Debug|Any CPU
		{65B40F02-EB01-4BE1-876C-D291057DF184}.Release|Any CPU.ActiveCfg = Release|Any CPU
		{65B40F02-EB01-4BE1-876C-D291057DF184}.Release|Any CPU.Build.0 = Release|Any CPU
	EndGlobalSection
	GlobalSection(SolutionProperties) = preSolution
		HideSolutionNode = FALSE
	EndGlobalSection
	GlobalSection(ExtensibilityGlobals) = postSolution
		SolutionGuid = {6AE4E144-C648-464E-9079-DBF88EE4BBFB}
	EndGlobalSection
EndGlobal
